# This file is autogenerated, do not edit; changes may be undone by the next 'dep ensure'.


[[projects]]
  branch = "master"
  name = "github.com/Sirupsen/logrus"
  packages = ["."]
  revision = "3eef8ce63d02f65d2da43214faf7bb19b0b2bb7a"

[[projects]]
  branch = "master"
  name = "github.com/go-akka/configuration"
  packages = [".","hocon"]
  revision = "755180b9a146a94d76051113e9624bdc8327c499"

[[projects]]
  branch = "master"
  name = "github.com/gogap/logrus_mate"
  packages = ["."]
  revision = "520eeafa12f41587528bee1da5d042b29fb56b8b"

[[projects]]
  branch = "master"
  name = "github.com/kardianos/osext"
  packages = ["."]
  revision = "ae77be60afb1dcacde03767a8c37337fad28ac14"

[[projects]]
  branch = "master"
  name = "github.com/kardianos/service"
  packages = ["."]
  revision = "f6635a45eccea31fd54922e3c1bf7e5e5a5df097"

[[projects]]
  branch = "master"
  name = "github.com/orcaman/concurrent-map"
  packages = ["."]
  revision = "2ae17bc4c860c83513ee50feb9746f3e50d7515d"

[[projects]]
  branch = "master"
  name = "github.com/tkanos/gonfig"
  packages = ["."]
  revision = "c9f765bb6d4a71270f864aa0b630334fb4d3d5ff"

[[projects]]
  branch = "master"
  name = "golang.org/x/sys"
  packages = ["unix","windows","windows/registry","windows/svc","windows/svc/eventlog","windows/svc/mgr"]
  revision = "c4489faa6e5ab84c0ef40d6ee878f7a030281f0f"

[solve-meta]
  analyzer-name = "dep"
  analyzer-version = 1
  inputs-digest = "037047e69ea1d279a050102945dd77593042ed607cb1713326b6dd5c8acba7d3"
  solver-name = "gps-cdcl"
  solver-version = 1
